
Microsoft Visual Studio Solution File, Format Version 12.00
# Visual Studio Version 17
VisualStudioVersion = 17.3.32922.545
MinimumVisualStudioVersion = 10.0.40219.1
Project("{FAE04EC0-301F-11D3-BF4B-00C04F79EFBC}") = "Polimorpshym", "Polimorpshym\Polimorpshym.csproj", "{CEC0A5F8-FD9D-4468-9B78-AB62F5E1BC14}"
EndProject
Global
	GlobalSection(SolutionConfigurationPlatforms) = preSolution
		Debug|Any CPU = Debug|Any CPU
		Release|Any CPU = Release|Any CPU
	EndGlobalSection
	GlobalSection(ProjectConfigurationPlatforms) = postSolution
		{CEC0A5F8-FD9D-4468-9B78-AB62F5E1BC14}.Debug|Any CPU.ActiveCfg = Debug|Any CPU
		{CEC0A5F8-FD9D-4468-9B78-AB62F5E1BC14}.Debug|Any CPU.Build.0 = Debug|Any CPU
		{CEC0A5F8-FD9D-4468-9B78-AB62F5E1BC14}.Release|Any CPU.ActiveCfg = Release|Any CPU
		{CEC0A5F8-FD9D-4468-9B78-AB62F5E1BC14}.Release|Any CPU.Build.0 = Release|Any CPU
	EndGlobalSection
	GlobalSection(SolutionProperties) = preSolution
		HideSolutionNode = FALSE
	EndGlobalSection
	GlobalSection(ExtensibilityGlobals) = postSolution
		SolutionGuid = {79DDE30D-1EFF-4E11-8924-2BF7392C35ED}
	EndGlobalSection
EndGlobal
